{
  "name": "kurs",
  "lockfileVersion": 3,
  "requires": true,
  "packages": {
    "": {
      "dependencies": {
        "@vkontakte/icons": "^3.13.0",
        "@vkontakte/vk-bridge": "^2.15.7",
        "@vkontakte/vk-bridge-react": "^1.1.0",
        "@vkontakte/vkui": "^7.5.1"
      }
    },
    "node_modules/@floating-ui/core": {
      "version": "1.7.2",
      "resolved": "https://registry.npmjs.org/@floating-ui/core/-/core-1.7.2.tgz",
      "integrity": "sha512-wNB5ooIKHQc+Kui96jE/n69rHFWAVoxn5CAzL1Xdd8FG03cgY3MLO+GF9U3W737fYDSgPWA6MReKhBQBop6Pcw==",
      "dependencies": {
        "@floating-ui/utils": "^0.2.10"
      }
    },
    "node_modules/@floating-ui/dom": {
      "version": "1.7.2",
      "resolved": "https://registry.npmjs.org/@floating-ui/dom/-/dom-1.7.2.tgz",
      "integrity": "sha512-7cfaOQuCS27HD7DX+6ib2OrnW+b4ZBwDNnCcT0uTyidcmyWb03FnQqJybDBoCnpdxwBSfA94UAYlRCt7mV+TbA==",
      "dependencies": {
        "@floating-ui/core": "^1.7.2",
        "@floating-ui/utils": "^0.2.10"
      }
    },
    "node_modules/@floating-ui/react-dom": {
      "version": "2.1.4",
      "resolved": "https://registry.npmjs.org/@floating-ui/react-dom/-/react-dom-2.1.4.tgz",
      "integrity": "sha512-JbbpPhp38UmXDDAu60RJmbeme37Jbgsm7NrHGgzYYFKmblzRUh6Pa641dII6LsjwF4XlScDrde2UAzDo/b9KPw==",
      "dependencies": {
        "@floating-ui/dom": "^1.7.2"
      },
      "peerDependencies": {
        "react": ">=16.8.0",
        "react-dom": ">=16.8.0"
      }
    },
    "node_modules/@floating-ui/utils": {
      "version": "0.2.10",
      "resolved": "https://registry.npmjs.org/@floating-ui/utils/-/utils-0.2.10.tgz",
      "integrity": "sha512-aGTxbpbg8/b5JfU1HXSrbH3wXZuLPJcNEcZQFMxLs3oSzgtVu6nFPkbbGGUvBcUjKV2YyB9Wxxabo+HEH9tcRQ=="
    },
    "node_modules/@swc/helpers": {
      "version": "0.5.17",
      "resolved": "https://registry.npmjs.org/@swc/helpers/-/helpers-0.5.17.tgz",
      "integrity": "sha512-5IKx/Y13RsYd+sauPb2x+U/xZikHjolzfuDgTAl/Tdf3Q8rslRvC19NKDLgAJQ6wsqADk10ntlv08nPFw/gO/A==",
      "dependencies": {
        "tslib": "^2.8.0"
      }
    },
    "node_modules/@vkontakte/icons": {
      "version": "3.13.0",
      "resolved": "https://registry.npmjs.org/@vkontakte/icons/-/icons-3.13.0.tgz",
      "integrity": "sha512-+C76A0QduX33NOocitXSyJwMaRwKKX32mvKqn8nqsPH6YkvReFqjGrtLC5FfRQRBQL0X70zt5DZBWA/Ar1jwQA==",
      "dependencies": {
        "@swc/helpers": "^0.5.17",
        "@vkontakte/icons-sprite": "^3.1.0"
      },
      "peerDependencies": {
        "react": "^18 || ^19"
      }
    },
    "node_modules/@vkontakte/icons-sprite": {
      "version": "3.1.0",
      "resolved": "https://registry.npmjs.org/@vkontakte/icons-sprite/-/icons-sprite-3.1.0.tgz",
      "integrity": "sha512-B8eEHyCT4C1WIozHTTPT1sxiKE7idTf3fS9gFmrR/47VaZ8BxEQ+Oxw7WUSvNS4ynxK8J7COwxmyUKZsovO7iA==",
      "dependencies": {
        "@swc/helpers": "^0.5.17"
      },
      "peerDependencies": {
        "react": "^18 || ^19"
      }
    },
    "node_modules/@vkontakte/vk-bridge": {
      "version": "2.15.7",
      "resolved": "https://registry.npmjs.org/@vkontakte/vk-bridge/-/vk-bridge-2.15.7.tgz",
      "integrity": "sha512-wjBlsGqYSOjkhDJMomrCC3x/69pNRrEG0HQOVngmNusZhd1x0D/opAthXEL33LDM/JBvP/o+ap2pa2tmMYlsOA=="
    },
    "node_modules/@vkontakte/vk-bridge-react": {
      "version": "1.1.0",
      "resolved": "https://registry.npmjs.org/@vkontakte/vk-bridge-react/-/vk-bridge-react-1.1.0.tgz",
      "integrity": "sha512-yHu/1q7/p/Wm3Wumj8C+h71VliCIMLB+6AJYUNsKg9PksL76Dl1rw2gfcgNJobd4idFDRL4J4kAMOO6jQIHIGQ==",
      "peerDependencies": {
        "@types/react": "^17.0.0 || ^18.0.0 || ^19.0.0",
        "@vkontakte/vk-bridge": "^2.15.1",
        "react": "^17.0.0 || ^18.1.0 || ^19.0.0"
      },
      "peerDependenciesMeta": {
        "@types/react": {
          "optional": true
        }
      }
    },
    "node_modules/@vkontakte/vkjs": {
      "version": "2.0.1",
      "resolved": "https://registry.npmjs.org/@vkontakte/vkjs/-/vkjs-2.0.1.tgz",
      "integrity": "sha512-VPce+45X7mXpukkLwDaXwFfqfq0NZecoZ3Js3XwXFfhwNanetxMo/6XqG3sV319mxJoAqW8gMQoSv+ExLTlmYg==",
      "dependencies": {
        "@swc/helpers": "^0.5.0",
        "clsx": "^2.1.1"
      }
    },
    "node_modules/@vkontakte/vkui": {
      "version": "7.5.1",
      "resolved": "https://registry.npmjs.org/@vkontakte/vkui/-/vkui-7.5.1.tgz",
      "integrity": "sha512-0GVq8dG+x/5YXPC2qGw/Nh8GaA4BIeXPu730Xh0yLIUx2MgfMgOSUUWMq61RkZrBzImm4JxUsD/vr/wquDCj+A==",
      "dependencies": {
        "@swc/helpers": "^0.5.17",
        "@vkontakte/icons": "^3.0.0",
        "@vkontakte/vkjs": "^2.0.1",
        "@vkontakte/vkui-date-fns-tz": "^0.0.4",
        "@vkontakte/vkui-floating-ui": "^0.2.5",
        "date-fns": "^4.1.0"
      },
      "peerDependencies": {
        "react": "^18.2.0 || ^19.0.0",
        "react-dom": "^18.2.0 || ^19.0.0"
      }
    },
    "node_modules/@vkontakte/vkui-date-fns-tz": {
      "version": "0.0.4",
      "resolved": "https://registry.npmjs.org/@vkontakte/vkui-date-fns-tz/-/vkui-date-fns-tz-0.0.4.tgz",
      "integrity": "sha512-0mLb/gS/P6xgDTH2m7ZVlP+QfJNDO/6jevRf43R8EH+4iTA2f9RZTXb5h9bab0VMDZ7stdXfKUhEN84gyFPVKw=="
    },
    "node_modules/@vkontakte/vkui-floating-ui": {
      "version": "0.2.5",
      "resolved": "https://registry.npmjs.org/@vkontakte/vkui-floating-ui/-/vkui-floating-ui-0.2.5.tgz",
      "integrity": "sha512-KkazttQMiihBstvEkIDnpueU5ByioOCneuYFfnNnBuD1CBG1VTU3F65qAzt4rnKX4b35Zxmph/7HYyFbYznCUQ==",
      "dependencies": {
        "@floating-ui/react-dom": "^2.1.4",
        "@swc/helpers": "^0.5.17"
      },
      "peerDependencies": {
        "react": ">=16.8.0",
        "react-dom": ">=16.8.0"
      }
    },
    "node_modules/clsx": {
      "version": "2.1.1",
      "resolved": "https://registry.npmjs.org/clsx/-/clsx-2.1.1.tgz",
      "integrity": "sha512-eYm0QWBtUrBWZWG0d386OGAw16Z995PiOVo2B7bjWSbHedGl5e0ZWaq65kOGgUSNesEIDkB9ISbTg/JK9dhCZA==",
      "engines": {
        "node": ">=6"
      }
    },
    "node_modules/date-fns": {
      "version": "4.1.0",
      "resolved": "https://registry.npmjs.org/date-fns/-/date-fns-4.1.0.tgz",
      "integrity": "sha512-Ukq0owbQXxa/U3EGtsdVBkR1w7KOQ5gIBqdH2hkvknzZPYvBxb/aa6E8L7tmjFtkwZBu3UXBbjIgPo/Ez4xaNg==",
      "funding": {
        "type": "github",
        "url": "https://github.com/sponsors/kossnocorp"
      }
    },
    "node_modules/react": {
      "version": "19.1.0",
      "resolved": "https://registry.npmjs.org/react/-/react-19.1.0.tgz",
      "integrity": "sha512-FS+XFBNvn3GTAWq26joslQgWNoFu08F4kl0J4CgdNKADkdSGXQyTCnKteIAJy96Br6YbpEU1LSzV5dYtjMkMDg==",
      "peer": true,
      "engines": {
        "node": ">=0.10.0"
      }
    },
    "node_modules/react-dom": {
      "version": "19.1.0",
      "resolved": "https://registry.npmjs.org/react-dom/-/react-dom-19.1.0.tgz",
      "integrity": "sha512-Xs1hdnE+DyKgeHJeJznQmYMIBG3TKIHJJT95Q58nHLSrElKlGQqDTR2HQ9fx5CN/Gk6Vh/kupBTDLU11/nDk/g==",
      "peer": true,
      "dependencies": {
        "scheduler": "^0.26.0"
      },
      "peerDependencies": {
        "react": "^19.1.0"
      }
    },
    "node_modules/scheduler": {
      "version": "0.26.0",
      "resolved": "https://registry.npmjs.org/scheduler/-/scheduler-0.26.0.tgz",
      "integrity": "sha512-NlHwttCI/l5gCPR3D1nNXtWABUmBwvZpEQiD4IXSbIDq8BzLIK/7Ir5gTFSGZDUu37K5cMNp0hFtzO38sC7gWA==",
      "peer": true
    },
    "node_modules/tslib": {
      "version": "2.8.1",
      "resolved": "https://registry.npmjs.org/tslib/-/tslib-2.8.1.tgz",
      "integrity": "sha512-oJFu94HQb+KVduSUQL7wnpmqnfmLsOA/nAh6b6EH0wCEoK0/mPeXU6c3wKDV83MkOuHPRHtSXKKU99IBazS/2w=="
    }
  }
}
